<Solution>
  <Project Path="Assembly-CSharp.csproj" />
  <Project Path="RSTerrain.Runtime.csproj" />
  <Project Path="Assembly-CSharp-firstpass.csproj" />
  <Project Path="Assembly-CSharp-Editor.csproj" />
  <Project Path="RSLighting.Runtime.csproj" />
  <Project Path="RSTerrain.Editor.csproj" />
  <Project Path="RSCommon.Editor.csproj" />
  <Project Path="RSWater.Runtime.csproj" />
  <Project Path="RSCommon.Runtime.csproj" />
  <Project Path="RSLighting.Editor.csproj" />
  <Project Path="RSPixelStageTools.Editor.csproj" />
  <Project Path="RSWater.Editor.csproj" />
</Solution>
